// !$*UTF8*$!
{
	archiveVersion = 1;
	classes = {
	};
	objectVersion = 56;
	objects = {

/* Begin PBXBuildFile section */
		342C28672A2C822400F43BC0 /* FloatingView.swift in Sources */ = {isa = PBXBuildFile; fileRef = 342C28662A2C822400F43BC0 /* FloatingView.swift */; };
		342C28692A2C82A300F43BC0 /* ScrollOffsetPreferenceKey.swift in Sources */ = {isa = PBXBuildFile; fileRef = 342C28682A2C82A300F43BC0 /* ScrollOffsetPreferenceKey.swift */; };
		342C286B2A2C82D800F43BC0 /* ScrollDirection.swift in Sources */ = {isa = PBXBuildFile; fileRef = 342C286A2A2C82D800F43BC0 /* ScrollDirection.swift */; };
		3430AEAE2A18D13B004A6798 /* HideFloatingViewWhenListScrollingDownApp.swift in Sources */ = {isa = PBXBuildFile; fileRef = 3430AEAD2A18D13B004A6798 /* HideFloatingViewWhenListScrollingDownApp.swift */; };
		3430AEB02A18D13B004A6798 /* ListView.swift in Sources */ = {isa = PBXBuildFile; fileRef = 3430AEAF2A18D13B004A6798 /* ListView.swift */; };
		3430AEB22A18D13E004A6798 /* Assets.xcassets in Resources */ = {isa = PBXBuildFile; fileRef = 3430AEB12A18D13E004A6798 /* Assets.xcassets */; };
		3430AEB52A18D13E004A6798 /* Preview Assets.xcassets in Resources */ = {isa = PBXBuildFile; fileRef = 3430AEB42A18D13E004A6798 /* Preview Assets.xcassets */; };
		3433CDCB2AA7499400D93A47 /* HideFloatingViewWhenListScrollingDownUITests.swift in Sources */ = {isa = PBXBuildFile; fileRef = 3433CDCA2AA7499400D93A47 /* HideFloatingViewWhenListScrollingDownUITests.swift */; };
/* End PBXBuildFile section */

/* Begin PBXContainerItemProxy section */
		3433CDCE2AA7499400D93A47 /* PBXContainerItemProxy */ = {
			isa = PBXContainerItemProxy;
			containerPortal = 3430AEA22A18D13B004A6798 /* Project object */;
			proxyType = 1;
			remoteGlobalIDString = 3430AEA92A18D13B004A6798;
			remoteInfo = HideFloatingViewWhenListScrollingDown;
		};
/* End PBXContainerItemProxy section */

/* Begin PBXFileReference section */
		342C28662A2C822400F43BC0 /* FloatingView.swift */ = {isa = PBXFileReference; lastKnownFileType = sourcecode.swift; path = FloatingView.swift; sourceTree = "<group>"; };
		342C28682A2C82A300F43BC0 /* ScrollOffsetPreferenceKey.swift */ = {isa = PBXFileReference; lastKnownFileType = sourcecode.swift; path = ScrollOffsetPreferenceKey.swift; sourceTree = "<group>"; };
		342C286A2A2C82D800F43BC0 /* ScrollDirection.swift */ = {isa = PBXFileReference; lastKnownFileType = sourcecode.swift; path = ScrollDirection.swift; sourceTree = "<group>"; };
		3430AEAA2A18D13B004A6798 /* HideFloatingViewWhenListScrollingDown.app */ = {isa = PBXFileReference; explicitFileType = wrapper.application; includeInIndex = 0; path = HideFloatingViewWhenListScrollingDown.app; sourceTree = BUILT_PRODUCTS_DIR; };
		3430AEAD2A18D13B004A6798 /* HideFloatingViewWhenListScrollingDownApp.swift */ = {isa = PBXFileReference; lastKnownFileType = sourcecode.swift; path = HideFloatingViewWhenListScrollingDownApp.swift; sourceTree = "<group>"; };
		3430AEAF2A18D13B004A6798 /* ListView.swift */ = {isa = PBXFileReference; lastKnownFileType = sourcecode.swift; path = ListView.swift; sourceTree = "<group>"; };
		3430AEB12A18D13E004A6798 /* Assets.xcassets */ = {isa = PBXFileReference; lastKnownFileType = folder.assetcatalog; path = Assets.xcassets; sourceTree = "<group>"; };
		3430AEB42A18D13E004A6798 /* Preview Assets.xcassets */ = {isa = PBXFileReference; lastKnownFileType = folder.assetcatalog; path = "Preview Assets.xcassets"; sourceTree = "<group>"; };
		3433CDC82AA7499400D93A47 /* HideFloatingViewWhenListScrollingDownUITests.xctest */ = {isa = PBXFileReference; explicitFileType = wrapper.cfbundle; includeInIndex = 0; path = HideFloatingViewWhenListScrollingDownUITests.xctest; sourceTree = BUILT_PRODUCTS_DIR; };
		3433CDCA2AA7499400D93A47 /* HideFloatingViewWhenListScrollingDownUITests.swift */ = {isa = PBXFileReference; lastKnownFileType = sourcecode.swift; path = HideFloatingViewWhenListScrollingDownUITests.swift; sourceTree = "<group>"; };
/* End PBXFileReference section */

/* Begin PBXFrameworksBuildPhase section */
		3430AEA72A18D13B004A6798 /* Frameworks */ = {
			isa = PBXFrameworksBuildPhase;
			buildActionMask = 2147483647;
			files = (
			);
			runOnlyForDeploymentPostprocessing = 0;
		};
		3433CDC52AA7499400D93A47 /* Frameworks */ = {
			isa = PBXFrameworksBuildPhase;
			buildActionMask = 2147483647;
			files = (
			);
			runOnlyForDeploymentPostprocessing = 0;
		};
/* End PBXFrameworksBuildPhase section */

/* Begin PBXGroup section */
		3430AEA12A18D13B004A6798 = {
			isa = PBXGroup;
			children = (
				3430AEAC2A18D13B004A6798 /* HideFloatingViewWhenListScrollingDown */,
				3433CDC92AA7499400D93A47 /* HideFloatingViewWhenListScrollingDownUITests */,
				3430AEAB2A18D13B004A6798 /* Products */,
			);
			sourceTree = "<group>";
		};
		3430AEAB2A18D13B004A6798 /* Products */ = {
			isa = PBXGroup;
			children = (
				3430AEAA2A18D13B004A6798 /* HideFloatingViewWhenListScrollingDown.app */,
				3433CDC82AA7499400D93A47 /* HideFloatingViewWhenListScrollingDownUITests.xctest */,
			);
			name = Products;
			sourceTree = "<group>";
		};
		3430AEAC2A18D13B004A6798 /* HideFloatingViewWhenListScrollingDown */ = {
			isa = PBXGroup;
			children = (
				342C286A2A2C82D800F43BC0 /* ScrollDirection.swift */,
				342C28682A2C82A300F43BC0 /* ScrollOffsetPreferenceKey.swift */,
				3430AEAD2A18D13B004A6798 /* HideFloatingViewWhenListScrollingDownApp.swift */,
				342C28662A2C822400F43BC0 /* FloatingView.swift */,
				3430AEAF2A18D13B004A6798 /* ListView.swift */,
				3430AEB12A18D13E004A6798 /* Assets.xcassets */,
				3430AEB32A18D13E004A6798 /* Preview Content */,
			);
			path = HideFloatingViewWhenListScrollingDown;
			sourceTree = "<group>";
		};
		3430AEB32A18D13E004A6798 /* Preview Content */ = {
			isa = PBXGroup;
			children = (
				3430AEB42A18D13E004A6798 /* Preview Assets.xcassets */,
			);
			path = "Preview Content";
			sourceTree = "<group>";
		};
		3433CDC92AA7499400D93A47 /* HideFloatingViewWhenListScrollingDownUITests */ = {
			isa = PBXGroup;
			children = (
				3433CDCA2AA7499400D93A47 /* HideFloatingViewWhenListScrollingDownUITests.swift */,
			);
			path = HideFloatingViewWhenListScrollingDownUITests;
			sourceTree = "<group>";
		};
/* End PBXGroup section */

/* Begin PBXNativeTarget section */
		3430AEA92A18D13B004A6798 /* HideFloatingViewWhenListScrollingDown */ = {
			isa = PBXNativeTarget;
			buildConfigurationList = 3430AEB82A18D13E004A6798 /* Build configuration list for PBXNativeTarget "HideFloatingViewWhenListScrollingDown" */;
			buildPhases = (
				3430AEA62A18D13B004A6798 /* Sources */,
				3430AEA72A18D13B004A6798 /* Frameworks */,
				3430AEA82A18D13B004A6798 /* Resources */,
			);
			buildRules = (
			);
			dependencies = (
			);
			name = HideFloatingViewWhenListScrollingDown;
			productName = HideFloatingViewWhenListScrollingDown;
			productReference = 3430AEAA2A18D13B004A6798 /* HideFloatingViewWhenListScrollingDown.app */;
			productType = "com.apple.product-type.application";
		};
		3433CDC72AA7499400D93A47 /* HideFloatingViewWhenListScrollingDownUITests */ = {
			isa = PBXNativeTarget;
			buildConfigurationList = 3433CDD22AA7499400D93A47 /* Build configuration list for PBXNativeTarget "HideFloatingViewWhenListScrollingDownUITests" */;
			buildPhases = (
				3433CDC42AA7499400D93A47 /* Sources */,
				3433CDC52AA7499400D93A47 /* Frameworks */,
				3433CDC62AA7499400D93A47 /* Resources */,
			);
			buildRules = (
			);
			dependencies = (
				3433CDCF2AA7499400D93A47 /* PBXTargetDependency */,
			);
			name = HideFloatingViewWhenListScrollingDownUITests;
			productName = HideFloatingViewWhenListScrollingDownUITests;
			productReference = 3433CDC82AA7499400D93A47 /* HideFloatingViewWhenListScrollingDownUITests.xctest */;
			productType = "com.apple.product-type.bundle.ui-testing";
		};
/* End PBXNativeTarget section */

/* Begin PBXProject section */
		3430AEA22A18D13B004A6798 /* Project object */ = {
			isa = PBXProject;
			attributes = {
				BuildIndependentTargetsInParallel = 1;
				LastSwiftUpdateCheck = 1430;
				LastUpgradeCheck = 1400;
				TargetAttributes = {
					3430AEA92A18D13B004A6798 = {
						CreatedOnToolsVersion = 14.0.1;
					};
					3433CDC72AA7499400D93A47 = {
						CreatedOnToolsVersion = 14.3.1;
						TestTargetID = 3430AEA92A18D13B004A6798;
					};
				};
			};
			buildConfigurationList = 3430AEA52A18D13B004A6798 /* Build configuration list for PBXProject "HideFloatingViewWhenListScrollingDown" */;
			compatibilityVersion = "Xcode 14.0";
			developmentRegion = en;
			hasScannedForEncodings = 0;
			knownRegions = (
				en,
				Base,
			);
			mainGroup = 3430AEA12A18D13B004A6798;
			productRefGroup = 3430AEAB2A18D13B004A6798 /* Products */;
			projectDirPath = "";
			projectRoot = "";
			targets = (
				3430AEA92A18D13B004A6798 /* HideFloatingViewWhenListScrollingDown */,
				3433CDC72AA7499400D93A47 /* HideFloatingViewWhenListScrollingDownUITests */,
			);
		};
/* End PBXProject section */

/* Begin PBXResourcesBuildPhase section */
		3430AEA82A18D13B004A6798 /* Resources */ = {
			isa = PBXResourcesBuildPhase;
			buildActionMask = 2147483647;
			files = (
				3430AEB52A18D13E004A6798 /* Preview Assets.xcassets in Resources */,
				3430AEB22A18D13E004A6798 /* Assets.xcassets in Resources */,
			);
			runOnlyForDeploymentPostprocessing = 0;
		};
		3433CDC62AA7499400D93A47 /* Resources */ = {
			isa = PBXResourcesBuildPhase;
			buildActionMask = 2147483647;
			files = (
			);
			runOnlyForDeploymentPostprocessing = 0;
		};
/* End PBXResourcesBuildPhase section */

/* Begin PBXSourcesBuildPhase section */
		3430AEA62A18D13B004A6798 /* Sources */ = {
			isa = PBXSourcesBuildPhase;
			buildActionMask = 2147483647;
			files = (
				342C28692A2C82A300F43BC0 /* ScrollOffsetPreferenceKey.swift in Sources */,
				3430AEB02A18D13B004A6798 /* ListView.swift in Sources */,
				342C28672A2C822400F43BC0 /* FloatingView.swift in Sources */,
				3430AEAE2A18D13B004A6798 /* HideFloatingViewWhenListScrollingDownApp.swift in Sources */,
				342C286B2A2C82D800F43BC0 /* ScrollDirection.swift in Sources */,
			);
			runOnlyForDeploymentPostprocessing = 0;
		};
		3433CDC42AA7499400D93A47 /* Sources */ = {
			isa = PBXSourcesBuildPhase;
			buildActionMask = 2147483647;
			files = (
				3433CDCB2AA7499400D93A47 /* HideFloatingViewWhenListScrollingDownUITests.swift in Sources */,
			);
			runOnlyForDeploymentPostprocessing = 0;
		};
/* End PBXSourcesBuildPhase section */

/* Begin PBXTargetDependency section */
		3433CDCF2AA7499400D93A47 /* PBXTargetDependency */ = {
			isa = PBXTargetDependency;
			target = 3430AEA92A18D13B004A6798 /* HideFloatingViewWhenListScrollingDown */;
			targetProxy = 3433CDCE2AA7499400D93A47 /* PBXContainerItemProxy */;
		};
/* End PBXTargetDependency section */

/* Begin XCBuildConfiguration section */
		3430AEB62A18D13E004A6798 /* Debug */ = {
			isa = XCBuildConfiguration;
			buildSettings = {
				ALWAYS_SEARCH_USER_PATHS = NO;
				CLANG_ANALYZER_NONNULL = YES;
				CLANG_ANALYZER_NUMBER_OBJECT_CONVERSION = YES_AGGRESSIVE;
				CLANG_CXX_LANGUAGE_STANDARD = "gnu++20";
				CLANG_ENABLE_MODULES = YES;
				CLANG_ENABLE_OBJC_ARC = YES;
				CLANG_ENABLE_OBJC_WEAK = YES;
				CLANG_WARN_BLOCK_CAPTURE_AUTORELEASING = YES;
				CLANG_WARN_BOOL_CONVERSION = YES;
				CLANG_WARN_COMMA = YES;
				CLANG_WARN_CONSTANT_CONVERSION = YES;
				CLANG_WARN_DEPRECATED_OBJC_IMPLEMENTATIONS = YES;
				CLANG_WARN_DIRECT_OBJC_ISA_USAGE = YES_ERROR;
				CLANG_WARN_DOCUMENTATION_COMMENTS = YES;
				CLANG_WARN_EMPTY_BODY = YES;
				CLANG_WARN_ENUM_CONVERSION = YES;
				CLANG_WARN_INFINITE_RECURSION = YES;
				CLANG_WARN_INT_CONVERSION = YES;
				CLANG_WARN_NON_LITERAL_NULL_CONVERSION = YES;
				CLANG_WARN_OBJC_IMPLICIT_RETAIN_SELF = YES;
				CLANG_WARN_OBJC_LITERAL_CONVERSION = YES;
				CLANG_WARN_OBJC_ROOT_CLASS = YES_ERROR;
				CLANG_WARN_QUOTED_INCLUDE_IN_FRAMEWORK_HEADER = YES;
				CLANG_WARN_RANGE_LOOP_ANALYSIS = YES;
				CLANG_WARN_STRICT_PROTOTYPES = YES;
				CLANG_WARN_SUSPICIOUS_MOVE = YES;
				CLANG_WARN_UNGUARDED_AVAILABILITY = YES_AGGRESSIVE;
				CLANG_WARN_UNREACHABLE_CODE = YES;
				CLANG_WARN__DUPLICATE_METHOD_MATCH = YES;
				COPY_PHASE_STRIP = NO;
				DEBUG_INFORMATION_FORMAT = dwarf;
				ENABLE_STRICT_OBJC_MSGSEND = YES;
				ENABLE_TESTABILITY = YES;
				GCC_C_LANGUAGE_STANDARD = gnu11;
				GCC_DYNAMIC_NO_PIC = NO;
				GCC_NO_COMMON_BLOCKS = YES;
				GCC_OPTIMIZATION_LEVEL = 0;
				GCC_PREPROCESSOR_DEFINITIONS = (
					"DEBUG=1",
					"$(inherited)",
				);
				GCC_WARN_64_TO_32_BIT_CONVERSION = YES;
				GCC_WARN_ABOUT_RETURN_TYPE = YES_ERROR;
				GCC_WARN_UNDECLARED_SELECTOR = YES;
				GCC_WARN_UNINITIALIZED_AUTOS = YES_AGGRESSIVE;
				GCC_WARN_UNUSED_FUNCTION = YES;
				GCC_WARN_UNUSED_VARIABLE = YES;
				IPHONEOS_DEPLOYMENT_TARGET = 14.0;
				MTL_ENABLE_DEBUG_INFO = INCLUDE_SOURCE;
				MTL_FAST_MATH = YES;
				ONLY_ACTIVE_ARCH = YES;
				SDKROOT = iphoneos;
				SWIFT_ACTIVE_COMPILATION_CONDITIONS = DEBUG;
				SWIFT_OPTIMIZATION_LEVEL = "-Onone";
			};
			name = Debug;
		};
		3430AEB72A18D13E004A6798 /* Release */ = {
			isa = XCBuildConfiguration;
			buildSettings = {
				ALWAYS_SEARCH_USER_PATHS = NO;
				CLANG_ANALYZER_NONNULL = YES;
				CLANG_ANALYZER_NUMBER_OBJECT_CONVERSION = YES_AGGRESSIVE;
				CLANG_CXX_LANGUAGE_STANDARD = "gnu++20";
				CLANG_ENABLE_MODULES = YES;
				CLANG_ENABLE_OBJC_ARC = YES;
				CLANG_ENABLE_OBJC_WEAK = YES;
				CLANG_WARN_BLOCK_CAPTURE_AUTORELEASING = YES;
				CLANG_WARN_BOOL_CONVERSION = YES;
				CLANG_WARN_COMMA = YES;
				CLANG_WARN_CONSTANT_CONVERSION = YES;
				CLANG_WARN_DEPRECATED_OBJC_IMPLEMENTATIONS = YES;
				CLANG_WARN_DIRECT_OBJC_ISA_USAGE = YES_ERROR;
				CLANG_WARN_DOCUMENTATION_COMMENTS = YES;
				CLANG_WARN_EMPTY_BODY = YES;
				CLANG_WARN_ENUM_CONVERSION = YES;
				CLANG_WARN_INFINITE_RECURSION = YES;
				CLANG_WARN_INT_CONVERSION = YES;
				CLANG_WARN_NON_LITERAL_NULL_CONVERSION = YES;
				CLANG_WARN_OBJC_IMPLICIT_RETAIN_SELF = YES;
				CLANG_WARN_OBJC_LITERAL_CONVERSION = YES;
				CLANG_WARN_OBJC_ROOT_CLASS = YES_ERROR;
				CLANG_WARN_QUOTED_INCLUDE_IN_FRAMEWORK_HEADER = YES;
				CLANG_WARN_RANGE_LOOP_ANALYSIS = YES;
				CLANG_WARN_STRICT_PROTOTYPES = YES;
				CLANG_WARN_SUSPICIOUS_MOVE = YES;
				CLANG_WARN_UNGUARDED_AVAILABILITY = YES_AGGRESSIVE;
				CLANG_WARN_UNREACHABLE_CODE = YES;
				CLANG_WARN__DUPLICATE_METHOD_MATCH = YES;
				COPY_PHASE_STRIP = NO;
				DEBUG_INFORMATION_FORMAT = "dwarf-with-dsym";
				ENABLE_NS_ASSERTIONS = NO;
				ENABLE_STRICT_OBJC_MSGSEND = YES;
				GCC_C_LANGUAGE_STANDARD = gnu11;
				GCC_NO_COMMON_BLOCKS = YES;
				GCC_WARN_64_TO_32_BIT_CONVERSION = YES;
				GCC_WARN_ABOUT_RETURN_TYPE = YES_ERROR;
				GCC_WARN_UNDECLARED_SELECTOR = YES;
				GCC_WARN_UNINITIALIZED_AUTOS = YES_AGGRESSIVE;
				GCC_WARN_UNUSED_FUNCTION = YES;
				GCC_WARN_UNUSED_VARIABLE = YES;
				IPHONEOS_DEPLOYMENT_TARGET = 14.0;
				MTL_ENABLE_DEBUG_INFO = NO;
				MTL_FAST_MATH = YES;
				SDKROOT = iphoneos;
				SWIFT_COMPILATION_MODE = wholemodule;
				SWIFT_OPTIMIZATION_LEVEL = "-O";
				VALIDATE_PRODUCT = YES;
			};
			name = Release;
		};
		3430AEB92A18D13E004A6798 /* Debug */ = {
			isa = XCBuildConfiguration;
			buildSettings = {
				ASSETCATALOG_COMPILER_APPICON_NAME = AppIcon;
				ASSETCATALOG_COMPILER_GLOBAL_ACCENT_COLOR_NAME = AccentColor;
				CODE_SIGN_STYLE = Automatic;
				CURRENT_PROJECT_VERSION = 1;
				DEVELOPMENT_ASSET_PATHS = "\"HideFloatingViewWhenListScrollingDown/Preview Content\"";
				ENABLE_PREVIEWS = YES;
				GENERATE_INFOPLIST_FILE = YES;
				INFOPLIST_KEY_UIApplicationSceneManifest_Generation = YES;
				INFOPLIST_KEY_UIApplicationSupportsIndirectInputEvents = YES;
				INFOPLIST_KEY_UILaunchScreen_Generation = YES;
				INFOPLIST_KEY_UISupportedInterfaceOrientations_iPad = "UIInterfaceOrientationPortrait UIInterfaceOrientationPortraitUpsideDown UIInterfaceOrientationLandscapeLeft UIInterfaceOrientationLandscapeRight";
				INFOPLIST_KEY_UISupportedInterfaceOrientations_iPhone = "UIInterfaceOrientationPortrait UIInterfaceOrientationLandscapeLeft UIInterfaceOrientationLandscapeRight";
				LD_RUNPATH_SEARCH_PATHS = (
					"$(inherited)",
					"@executable_path/Frameworks",
				);
				MARKETING_VERSION = 1.0;
				PRODUCT_BUNDLE_IDENTIFIER = com.nirajtiwari.HideFloatingViewWhenListScrollingDown;
				PRODUCT_NAME = "$(TARGET_NAME)";
				SWIFT_EMIT_LOC_STRINGS = YES;
				SWIFT_VERSION = 5.0;
				TARGETED_DEVICE_FAMILY = "1,2";
			};
			name = Debug;
		};
		3430AEBA2A18D13E004A6798 /* Release */ = {
			isa = XCBuildConfiguration;
			buildSettings = {
				ASSETCATALOG_COMPILER_APPICON_NAME = AppIcon;
				ASSETCATALOG_COMPILER_GLOBAL_ACCENT_COLOR_NAME = AccentColor;
				CODE_SIGN_STYLE = Automatic;
				CURRENT_PROJECT_VERSION = 1;
				DEVELOPMENT_ASSET_PATHS = "\"HideFloatingViewWhenListScrollingDown/Preview Content\"";
				ENABLE_PREVIEWS = YES;
				GENERATE_INFOPLIST_FILE = YES;
				INFOPLIST_KEY_UIApplicationSceneManifest_Generation = YES;
				INFOPLIST_KEY_UIApplicationSupportsIndirectInputEvents = YES;
				INFOPLIST_KEY_UILaunchScreen_Generation = YES;
				INFOPLIST_KEY_UISupportedInterfaceOrientations_iPad = "UIInterfaceOrientationPortrait UIInterfaceOrientationPortraitUpsideDown UIInterfaceOrientationLandscapeLeft UIInterfaceOrientationLandscapeRight";
				INFOPLIST_KEY_UISupportedInterfaceOrientations_iPhone = "UIInterfaceOrientationPortrait UIInterfaceOrientationLandscapeLeft UIInterfaceOrientationLandscapeRight";
				LD_RUNPATH_SEARCH_PATHS = (
					"$(inherited)",
					"@executable_path/Frameworks",
				);
				MARKETING_VERSION = 1.0;
				PRODUCT_BUNDLE_IDENTIFIER = com.nirajtiwari.HideFloatingViewWhenListScrollingDown;
				PRODUCT_NAME = "$(TARGET_NAME)";
				SWIFT_EMIT_LOC_STRINGS = YES;
				SWIFT_VERSION = 5.0;
				TARGETED_DEVICE_FAMILY = "1,2";
			};
			name = Release;
		};
		3433CDD02AA7499400D93A47 /* Debug */ = {
			isa = XCBuildConfiguration;
			buildSettings = {
				CODE_SIGN_STYLE = Automatic;
				CURRENT_PROJECT_VERSION = 1;
				GENERATE_INFOPLIST_FILE = YES;
				IPHONEOS_DEPLOYMENT_TARGET = 14.0;
				MARKETING_VERSION = 1.0;
				PRODUCT_BUNDLE_IDENTIFIER = com.disableMenu.niraj.HideFloatingViewWhenListScrollingDownUITests;
				PRODUCT_NAME = "$(TARGET_NAME)";
				SWIFT_EMIT_LOC_STRINGS = NO;
				SWIFT_VERSION = 5.0;
				TARGETED_DEVICE_FAMILY = "1,2";
				TEST_TARGET_NAME = HideFloatingViewWhenListScrollingDown;
			};
			name = Debug;
		};
		3433CDD12AA7499400D93A47 /* Release */ = {
			isa = XCBuildConfiguration;
			buildSettings = {
				CODE_SIGN_STYLE = Automatic;
				CURRENT_PROJECT_VERSION = 1;
				GENERATE_INFOPLIST_FILE = YES;
				IPHONEOS_DEPLOYMENT_TARGET = 14.0;
				MARKETING_VERSION = 1.0;
				PRODUCT_BUNDLE_IDENTIFIER = com.disableMenu.niraj.HideFloatingViewWhenListScrollingDownUITests;
				PRODUCT_NAME = "$(TARGET_NAME)";
				SWIFT_EMIT_LOC_STRINGS = NO;
				SWIFT_VERSION = 5.0;
				TARGETED_DEVICE_FAMILY = "1,2";
				TEST_TARGET_NAME = HideFloatingViewWhenListScrollingDown;
			};
			name = Release;
		};
/* End XCBuildConfiguration section */

/* Begin XCConfigurationList section */
		3430AEA52A18D13B004A6798 /* Build configuration list for PBXProject "HideFloatingViewWhenListScrollingDown" */ = {
			isa = XCConfigurationList;
			buildConfigurations = (
				3430AEB62A18D13E004A6798 /* Debug */,
				3430AEB72A18D13E004A6798 /* Release */,
			);
			defaultConfigurationIsVisible = 0;
			defaultConfigurationName = Release;
		};
		3430AEB82A18D13E004A6798 /* Build configuration list for PBXNativeTarget "HideFloatingViewWhenListScrollingDown" */ = {
			isa = XCConfigurationList;
			buildConfigurations = (
				3430AEB92A18D13E004A6798 /* Debug */,
				3430AEBA2A18D13E004A6798 /* Release */,
			);
			defaultConfigurationIsVisible = 0;
			defaultConfigurationName = Release;
		};
		3433CDD22AA7499400D93A47 /* Build configuration list for PBXNativeTarget "HideFloatingViewWhenListScrollingDownUITests" */ = {
			isa = XCConfigurationList;
			buildConfigurations = (
				3433CDD02AA7499400D93A47 /* Debug */,
				3433CDD12AA7499400D93A47 /* Release */,
			);
			defaultConfigurationIsVisible = 0;
			defaultConfigurationName = Release;
		};
/* End XCConfigurationList section */
	};
	rootObject = 3430AEA22A18D13B004A6798 /* Project object */;
}
